
Microsoft Visual Studio Solution File, Format Version 12.00
# Visual Studio 15
VisualStudioVersion = 15.0.26430.13
MinimumVisualStudioVersion = 10.0.40219.1
Project("{2150E333-8FDC-42A3-9474-1A3956D46DE8}") = "01 - Presentation", "01 - Presentation", "{F6EC777D-F256-4140-8039-EAD8CF8908F5}"
EndProject
Project("{2150E333-8FDC-42A3-9474-1A3956D46DE8}") = "02 - Services", "02 - Services", "{31609A14-820D-497D-8220-730289F0C7F1}"
EndProject
Project("{2150E333-8FDC-42A3-9474-1A3956D46DE8}") = "03 - Application", "03 - Application", "{22C4904D-902C-4A37-BA55-EDA74438A2F4}"
EndProject
Project("{2150E333-8FDC-42A3-9474-1A3956D46DE8}") = "04 - Domain", "04 - Domain", "{A973BA76-6044-44EC-BFC3-EB26F8A91BB2}"
EndProject
Project("{2150E333-8FDC-42A3-9474-1A3956D46DE8}") = "05 - Infra", "05 - Infra", "{DE0DE91A-7A05-4F4C-8338-2BC043F88233}"
EndProject
Project("{2150E333-8FDC-42A3-9474-1A3956D46DE8}") = "05.2 - Infra.Data", "05.2 - Infra.Data", "{E741F248-96FC-4695-A02D-42EB9413F7C3}"
EndProject
Project("{2150E333-8FDC-42A3-9474-1A3956D46DE8}") = "01.1 - Presentation.Web", "01.1 - Presentation.Web", "{A955D60B-0E0B-4DC5-A147-1ECFF80C7731}"
EndProject
Project("{2150E333-8FDC-42A3-9474-1A3956D46DE8}") = "05.1 - CrossCutting", "05.1 - CrossCutting", "{04F80173-A988-401F-B9B7-AB0BAFC76C01}"
EndProject
Project("{9A19103F-16F7-4668-BE54-9A1E7A4F7556}") = "Infra.Data", "05 - Infra\05.2 - Infra.Data\Infra.Data\Infra.Data.csproj", "{9A3AFDE3-BB32-48B6-AFD2-5EF39B10EDCE}"
EndProject
Project("{9A19103F-16F7-4668-BE54-9A1E7A4F7556}") = "Application", "03 - Application\Application\Application.csproj", "{1E48ACAB-6CBC-4056-AA02-C14A8DB83DB3}"
EndProject
Project("{9A19103F-16F7-4668-BE54-9A1E7A4F7556}") = "Infra.BaseIdentity", "05 - Infra\05.1 - CrossCutting\Infra.BaseIdentity\Infra.BaseIdentity.csproj", "{DB71F520-0CC9-4B76-A408-4A4FD70ED005}"
EndProject
Project("{9A19103F-16F7-4668-BE54-9A1E7A4F7556}") = "WebApp", "01 - Presentation\WebApp\WebApp.csproj", "{16381436-7375-46AE-9315-B5C8ACAFF72C}"
EndProject
Project("{9A19103F-16F7-4668-BE54-9A1E7A4F7556}") = "Domain", "04 - Domain\Domain\Domain.csproj", "{9E8BEB8F-950F-44A4-9745-F922DE3D97F0}"
EndProject
Project("{9A19103F-16F7-4668-BE54-9A1E7A4F7556}") = "XUnitTestWebApp", "01 - Presentation\XUnitTestWebApp\XUnitTestWebApp.csproj", "{70AA0C04-53DB-4D66-B086-41584C696864}"
EndProject
Project("{9A19103F-16F7-4668-BE54-9A1E7A4F7556}") = "XUnitTestApplication", "03 - Application\XUnitTestApplication\XUnitTestApplication.csproj", "{773353BE-4880-4C94-963E-6FBBD4F87C41}"
EndProject
Project("{9A19103F-16F7-4668-BE54-9A1E7A4F7556}") = "XUnitTestDomain", "04 - Domain\XUnitTestDomain\XUnitTestDomain.csproj", "{C3940728-E0F6-4253-BCB9-E0A3F6F0BAF8}"
EndProject
Global
	GlobalSection(SolutionConfigurationPlatforms) = preSolution
		Debug|Any CPU = Debug|Any CPU
		Release|Any CPU = Release|Any CPU
	EndGlobalSection
	GlobalSection(ProjectConfigurationPlatforms) = postSolution
		{9A3AFDE3-BB32-48B6-AFD2-5EF39B10EDCE}.Debug|Any CPU.ActiveCfg = Debug|Any CPU
		{9A3AFDE3-BB32-48B6-AFD2-5EF39B10EDCE}.Debug|Any CPU.Build.0 = Debug|Any CPU
		{9A3AFDE3-BB32-48B6-AFD2-5EF39B10EDCE}.Release|Any CPU.ActiveCfg = Release|Any CPU
		{9A3AFDE3-BB32-48B6-AFD2-5EF39B10EDCE}.Release|Any CPU.Build.0 = Release|Any CPU
		{1E48ACAB-6CBC-4056-AA02-C14A8DB83DB3}.Debug|Any CPU.ActiveCfg = Debug|Any CPU
		{1E48ACAB-6CBC-4056-AA02-C14A8DB83DB3}.Debug|Any CPU.Build.0 = Debug|Any CPU
		{1E48ACAB-6CBC-4056-AA02-C14A8DB83DB3}.Release|Any CPU.ActiveCfg = Release|Any CPU
		{1E48ACAB-6CBC-4056-AA02-C14A8DB83DB3}.Release|Any CPU.Build.0 = Release|Any CPU
		{DB71F520-0CC9-4B76-A408-4A4FD70ED005}.Debug|Any CPU.ActiveCfg = Debug|Any CPU
		{DB71F520-0CC9-4B76-A408-4A4FD70ED005}.Debug|Any CPU.Build.0 = Debug|Any CPU
		{DB71F520-0CC9-4B76-A408-4A4FD70ED005}.Release|Any CPU.ActiveCfg = Release|Any CPU
		{DB71F520-0CC9-4B76-A408-4A4FD70ED005}.Release|Any CPU.Build.0 = Release|Any CPU
		{16381436-7375-46AE-9315-B5C8ACAFF72C}.Debug|Any CPU.ActiveCfg = Debug|Any CPU
		{16381436-7375-46AE-9315-B5C8ACAFF72C}.Debug|Any CPU.Build.0 = Debug|Any CPU
		{16381436-7375-46AE-9315-B5C8ACAFF72C}.Release|Any CPU.ActiveCfg = Release|Any CPU
		{16381436-7375-46AE-9315-B5C8ACAFF72C}.Release|Any CPU.Build.0 = Release|Any CPU
		{9E8BEB8F-950F-44A4-9745-F922DE3D97F0}.Debug|Any CPU.ActiveCfg = Debug|Any CPU
		{9E8BEB8F-950F-44A4-9745-F922DE3D97F0}.Debug|Any CPU.Build.0 = Debug|Any CPU
		{9E8BEB8F-950F-44A4-9745-F922DE3D97F0}.Release|Any CPU.ActiveCfg = Release|Any CPU
		{9E8BEB8F-950F-44A4-9745-F922DE3D97F0}.Release|Any CPU.Build.0 = Release|Any CPU
		{70AA0C04-53DB-4D66-B086-41584C696864}.Debug|Any CPU.ActiveCfg = Debug|Any CPU
		{70AA0C04-53DB-4D66-B086-41584C696864}.Debug|Any CPU.Build.0 = Debug|Any CPU
		{70AA0C04-53DB-4D66-B086-41584C696864}.Release|Any CPU.ActiveCfg = Release|Any CPU
		{70AA0C04-53DB-4D66-B086-41584C696864}.Release|Any CPU.Build.0 = Release|Any CPU
		{773353BE-4880-4C94-963E-6FBBD4F87C41}.Debug|Any CPU.ActiveCfg = Debug|Any CPU
		{773353BE-4880-4C94-963E-6FBBD4F87C41}.Debug|Any CPU.Build.0 = Debug|Any CPU
		{773353BE-4880-4C94-963E-6FBBD4F87C41}.Release|Any CPU.ActiveCfg = Release|Any CPU
		{773353BE-4880-4C94-963E-6FBBD4F87C41}.Release|Any CPU.Build.0 = Release|Any CPU
		{C3940728-E0F6-4253-BCB9-E0A3F6F0BAF8}.Debug|Any CPU.ActiveCfg = Debug|Any CPU
		{C3940728-E0F6-4253-BCB9-E0A3F6F0BAF8}.Debug|Any CPU.Build.0 = Debug|Any CPU
		{C3940728-E0F6-4253-BCB9-E0A3F6F0BAF8}.Release|Any CPU.ActiveCfg = Release|Any CPU
		{C3940728-E0F6-4253-BCB9-E0A3F6F0BAF8}.Release|Any CPU.Build.0 = Release|Any CPU
	EndGlobalSection
	GlobalSection(SolutionProperties) = preSolution
		HideSolutionNode = FALSE
	EndGlobalSection
	GlobalSection(NestedProjects) = preSolution
		{E741F248-96FC-4695-A02D-42EB9413F7C3} = {DE0DE91A-7A05-4F4C-8338-2BC043F88233}
		{A955D60B-0E0B-4DC5-A147-1ECFF80C7731} = {F6EC777D-F256-4140-8039-EAD8CF8908F5}
		{04F80173-A988-401F-B9B7-AB0BAFC76C01} = {DE0DE91A-7A05-4F4C-8338-2BC043F88233}
		{9A3AFDE3-BB32-48B6-AFD2-5EF39B10EDCE} = {E741F248-96FC-4695-A02D-42EB9413F7C3}
		{1E48ACAB-6CBC-4056-AA02-C14A8DB83DB3} = {22C4904D-902C-4A37-BA55-EDA74438A2F4}
		{DB71F520-0CC9-4B76-A408-4A4FD70ED005} = {04F80173-A988-401F-B9B7-AB0BAFC76C01}
		{16381436-7375-46AE-9315-B5C8ACAFF72C} = {A955D60B-0E0B-4DC5-A147-1ECFF80C7731}
		{9E8BEB8F-950F-44A4-9745-F922DE3D97F0} = {A973BA76-6044-44EC-BFC3-EB26F8A91BB2}
		{70AA0C04-53DB-4D66-B086-41584C696864} = {A955D60B-0E0B-4DC5-A147-1ECFF80C7731}
		{773353BE-4880-4C94-963E-6FBBD4F87C41} = {22C4904D-902C-4A37-BA55-EDA74438A2F4}
		{C3940728-E0F6-4253-BCB9-E0A3F6F0BAF8} = {A973BA76-6044-44EC-BFC3-EB26F8A91BB2}
	EndGlobalSection
EndGlobal
